
Microsoft Visual Studio Solution File, Format Version 12.00
# Visual Studio Version 17
VisualStudioVersion = 17.6.33723.286
MinimumVisualStudioVersion = 10.0.40219.1
Project("{FAE04EC0-301F-11D3-BF4B-00C04F79EFBC}") = "shape_18 july", "shape_18 july\shape_18 july.csproj", "{5C7DAC54-1C5B-4FDD-826A-E4CC97F32AB5}"
EndProject
Global
	GlobalSection(SolutionConfigurationPlatforms) = preSolution
		Debug|Any CPU = Debug|Any CPU
		Release|Any CPU = Release|Any CPU
	EndGlobalSection
	GlobalSection(ProjectConfigurationPlatforms) = postSolution
		{5C7DAC54-1C5B-4FDD-826A-E4CC97F32AB5}.Debug|Any CPU.ActiveCfg = Debug|Any CPU
		{5C7DAC54-1C5B-4FDD-826A-E4CC97F32AB5}.Debug|Any CPU.Build.0 = Debug|Any CPU
		{5C7DAC54-1C5B-4FDD-826A-E4CC97F32AB5}.Release|Any CPU.ActiveCfg = Release|Any CPU
		{5C7DAC54-1C5B-4FDD-826A-E4CC97F32AB5}.Release|Any CPU.Build.0 = Release|Any CPU
	EndGlobalSection
	GlobalSection(SolutionProperties) = preSolution
		HideSolutionNode = FALSE
	EndGlobalSection
	GlobalSection(ExtensibilityGlobals) = postSolution
		SolutionGuid = {5AE30B40-0BB2-4909-BF30-BE03A272D687}
	EndGlobalSection
EndGlobal
