
Microsoft Visual Studio Solution File, Format Version 12.00
# Visual Studio Version 17
VisualStudioVersion = 17.6.33723.286
MinimumVisualStudioVersion = 10.0.40219.1
Project("{FAE04EC0-301F-11D3-BF4B-00C04F79EFBC}") = "extentionMethod", "extentionMethod\extentionMethod.csproj", "{2233DFF0-3219-466E-8092-4CAE17DF6CB8}"
EndProject
Global
	GlobalSection(SolutionConfigurationPlatforms) = preSolution
		Debug|Any CPU = Debug|Any CPU
		Release|Any CPU = Release|Any CPU
	EndGlobalSection
	GlobalSection(ProjectConfigurationPlatforms) = postSolution
		{2233DFF0-3219-466E-8092-4CAE17DF6CB8}.Debug|Any CPU.ActiveCfg = Debug|Any CPU
		{2233DFF0-3219-466E-8092-4CAE17DF6CB8}.Debug|Any CPU.Build.0 = Debug|Any CPU
		{2233DFF0-3219-466E-8092-4CAE17DF6CB8}.Release|Any CPU.ActiveCfg = Release|Any CPU
		{2233DFF0-3219-466E-8092-4CAE17DF6CB8}.Release|Any CPU.Build.0 = Release|Any CPU
	EndGlobalSection
	GlobalSection(SolutionProperties) = preSolution
		HideSolutionNode = FALSE
	EndGlobalSection
	GlobalSection(ExtensibilityGlobals) = postSolution
		SolutionGuid = {8316DF49-6540-4360-9B47-B8FFC3DD3629}
	EndGlobalSection
EndGlobal
