
Microsoft Visual Studio Solution File, Format Version 12.00
# Visual Studio Version 17
VisualStudioVersion = 17.6.33723.286
MinimumVisualStudioVersion = 10.0.40219.1
Project("{FAE04EC0-301F-11D3-BF4B-00C04F79EFBC}") = "EmployeeApplication.Model", "EmployeeApplication.Model\EmployeeApplication.Model.csproj", "{1EB2C949-BF6D-4269-AF68-BB401ECAF2B4}"
EndProject
Project("{FAE04EC0-301F-11D3-BF4B-00C04F79EFBC}") = "EmployeeApplication.Repository", "EmployeeApplication.Repository\EmployeeApplication.Repository.csproj", "{D5A7E59C-9CF0-40C6-93FF-1B67C3E74697}"
EndProject
Project("{FAE04EC0-301F-11D3-BF4B-00C04F79EFBC}") = "EmployeeApplication.API", "EmployeeApplication.API\EmployeeApplication.API.csproj", "{D2C55260-FA75-4F43-94C8-A40C58597392}"
EndProject
Global
	GlobalSection(SolutionConfigurationPlatforms) = preSolution
		Debug|Any CPU = Debug|Any CPU
		Release|Any CPU = Release|Any CPU
	EndGlobalSection
	GlobalSection(ProjectConfigurationPlatforms) = postSolution
		{1EB2C949-BF6D-4269-AF68-BB401ECAF2B4}.Debug|Any CPU.ActiveCfg = Debug|Any CPU
		{1EB2C949-BF6D-4269-AF68-BB401ECAF2B4}.Debug|Any CPU.Build.0 = Debug|Any CPU
		{1EB2C949-BF6D-4269-AF68-BB401ECAF2B4}.Release|Any CPU.ActiveCfg = Release|Any CPU
		{1EB2C949-BF6D-4269-AF68-BB401ECAF2B4}.Release|Any CPU.Build.0 = Release|Any CPU
		{D5A7E59C-9CF0-40C6-93FF-1B67C3E74697}.Debug|Any CPU.ActiveCfg = Debug|Any CPU
		{D5A7E59C-9CF0-40C6-93FF-1B67C3E74697}.Debug|Any CPU.Build.0 = Debug|Any CPU
		{D5A7E59C-9CF0-40C6-93FF-1B67C3E74697}.Release|Any CPU.ActiveCfg = Release|Any CPU
		{D5A7E59C-9CF0-40C6-93FF-1B67C3E74697}.Release|Any CPU.Build.0 = Release|Any CPU
		{D2C55260-FA75-4F43-94C8-A40C58597392}.Debug|Any CPU.ActiveCfg = Debug|Any CPU
		{D2C55260-FA75-4F43-94C8-A40C58597392}.Debug|Any CPU.Build.0 = Debug|Any CPU
		{D2C55260-FA75-4F43-94C8-A40C58597392}.Release|Any CPU.ActiveCfg = Release|Any CPU
		{D2C55260-FA75-4F43-94C8-A40C58597392}.Release|Any CPU.Build.0 = Release|Any CPU
	EndGlobalSection
	GlobalSection(SolutionProperties) = preSolution
		HideSolutionNode = FALSE
	EndGlobalSection
	GlobalSection(ExtensibilityGlobals) = postSolution
		SolutionGuid = {37ED584D-4914-482A-9389-8A8B0A2838EA}
	EndGlobalSection
EndGlobal
