
Microsoft Visual Studio Solution File, Format Version 12.00
# Visual Studio Version 17
VisualStudioVersion = 17.6.33723.286
MinimumVisualStudioVersion = 10.0.40219.1
Project("{9A19103F-16F7-4668-BE54-9A1E7A4F7556}") = "emp-31 july", "emp-31 july\emp-31 july.csproj", "{5E061E82-EF88-480E-A254-A95EEC887EE4}"
EndProject
Project("{9A19103F-16F7-4668-BE54-9A1E7A4F7556}") = "emp.model", "..\emp.model\emp.model\emp.model.csproj", "{145D30BD-C5B8-45F6-9496-65ADCDA19078}"
EndProject
Global
	GlobalSection(SolutionConfigurationPlatforms) = preSolution
		Debug|Any CPU = Debug|Any CPU
		Release|Any CPU = Release|Any CPU
	EndGlobalSection
	GlobalSection(ProjectConfigurationPlatforms) = postSolution
		{5E061E82-EF88-480E-A254-A95EEC887EE4}.Debug|Any CPU.ActiveCfg = Debug|Any CPU
		{5E061E82-EF88-480E-A254-A95EEC887EE4}.Debug|Any CPU.Build.0 = Debug|Any CPU
		{5E061E82-EF88-480E-A254-A95EEC887EE4}.Release|Any CPU.ActiveCfg = Release|Any CPU
		{5E061E82-EF88-480E-A254-A95EEC887EE4}.Release|Any CPU.Build.0 = Release|Any CPU
		{145D30BD-C5B8-45F6-9496-65ADCDA19078}.Debug|Any CPU.ActiveCfg = Debug|Any CPU
		{145D30BD-C5B8-45F6-9496-65ADCDA19078}.Debug|Any CPU.Build.0 = Debug|Any CPU
		{145D30BD-C5B8-45F6-9496-65ADCDA19078}.Release|Any CPU.ActiveCfg = Release|Any CPU
		{145D30BD-C5B8-45F6-9496-65ADCDA19078}.Release|Any CPU.Build.0 = Release|Any CPU
	EndGlobalSection
	GlobalSection(SolutionProperties) = preSolution
		HideSolutionNode = FALSE
	EndGlobalSection
	GlobalSection(ExtensibilityGlobals) = postSolution
		SolutionGuid = {BE4B6547-DBB5-4C49-9E70-6C0702CB8631}
	EndGlobalSection
EndGlobal
