
Microsoft Visual Studio Solution File, Format Version 12.00
# Visual Studio Version 17
VisualStudioVersion = 17.6.33723.286
MinimumVisualStudioVersion = 10.0.40219.1
Project("{FAE04EC0-301F-11D3-BF4B-00C04F79EFBC}") = "emp.model", "emp.model\emp.model.csproj", "{7392E6AE-8342-414D-B394-BD222BFCFBEB}"
EndProject
Global
	GlobalSection(SolutionConfigurationPlatforms) = preSolution
		Debug|Any CPU = Debug|Any CPU
		Release|Any CPU = Release|Any CPU
	EndGlobalSection
	GlobalSection(ProjectConfigurationPlatforms) = postSolution
		{7392E6AE-8342-414D-B394-BD222BFCFBEB}.Debug|Any CPU.ActiveCfg = Debug|Any CPU
		{7392E6AE-8342-414D-B394-BD222BFCFBEB}.Debug|Any CPU.Build.0 = Debug|Any CPU
		{7392E6AE-8342-414D-B394-BD222BFCFBEB}.Release|Any CPU.ActiveCfg = Release|Any CPU
		{7392E6AE-8342-414D-B394-BD222BFCFBEB}.Release|Any CPU.Build.0 = Release|Any CPU
	EndGlobalSection
	GlobalSection(SolutionProperties) = preSolution
		HideSolutionNode = FALSE
	EndGlobalSection
	GlobalSection(ExtensibilityGlobals) = postSolution
		SolutionGuid = {38D14F9A-B7AA-47B2-85D3-D09ED47F9CD4}
	EndGlobalSection
EndGlobal
